// !$*UTF8*$!
{
	archiveVersion = 1;
	classes = {
	};
	objectVersion = 56;
	objects = {

/* Begin PBXBuildFile section */
		2A0F1F282C915DF1001F144C /* AppDelegate.swift in Sources */ = {isa = PBXBuildFile; fileRef = 2A0F1F272C915DF1001F144C /* AppDelegate.swift */; };
		2A0F1F2A2C915DF1001F144C /* SceneDelegate.swift in Sources */ = {isa = PBXBuildFile; fileRef = 2A0F1F292C915DF1001F144C /* SceneDelegate.swift */; };
		2A0F1F2C2C915DF1001F144C /* ViewController.swift in Sources */ = {isa = PBXBuildFile; fileRef = 2A0F1F2B2C915DF1001F144C /* ViewController.swift */; };
		2A0F1F2F2C915DF1001F144C /* Base in Resources */ = {isa = PBXBuildFile; fileRef = 2A0F1F2E2C915DF1001F144C /* Base */; };
		2A0F1F312C915DF3001F144C /* Assets.xcassets in Resources */ = {isa = PBXBuildFile; fileRef = 2A0F1F302C915DF3001F144C /* Assets.xcassets */; };
		2A0F1F342C915DF3001F144C /* Base in Resources */ = {isa = PBXBuildFile; fileRef = 2A0F1F332C915DF3001F144C /* Base */; };
		2A0F1F3F2C915DF3001F144C /* for18Tests.swift in Sources */ = {isa = PBXBuildFile; fileRef = 2A0F1F3E2C915DF3001F144C /* for18Tests.swift */; };
		2A0F1F492C915DF3001F144C /* for18UITests.swift in Sources */ = {isa = PBXBuildFile; fileRef = 2A0F1F482C915DF3001F144C /* for18UITests.swift */; };
		2A0F1F4B2C915DF3001F144C /* for18UITestsLaunchTests.swift in Sources */ = {isa = PBXBuildFile; fileRef = 2A0F1F4A2C915DF3001F144C /* for18UITestsLaunchTests.swift */; };
/* End PBXBuildFile section */

/* Begin PBXContainerItemProxy section */
		2A0F1F3B2C915DF3001F144C /* PBXContainerItemProxy */ = {
			isa = PBXContainerItemProxy;
			containerPortal = 2A0F1F1C2C915DF1001F144C /* Project object */;
			proxyType = 1;
			remoteGlobalIDString = 2A0F1F232C915DF1001F144C;
			remoteInfo = for18;
		};
		2A0F1F452C915DF3001F144C /* PBXContainerItemProxy */ = {
			isa = PBXContainerItemProxy;
			containerPortal = 2A0F1F1C2C915DF1001F144C /* Project object */;
			proxyType = 1;
			remoteGlobalIDString = 2A0F1F232C915DF1001F144C;
			remoteInfo = for18;
		};
/* End PBXContainerItemProxy section */

/* Begin PBXFileReference section */
		2A0F1F242C915DF1001F144C /* for18.app */ = {isa = PBXFileReference; explicitFileType = wrapper.application; includeInIndex = 0; path = for18.app; sourceTree = BUILT_PRODUCTS_DIR; };
		2A0F1F272C915DF1001F144C /* AppDelegate.swift */ = {isa = PBXFileReference; lastKnownFileType = sourcecode.swift; path = AppDelegate.swift; sourceTree = "<group>"; };
		2A0F1F292C915DF1001F144C /* SceneDelegate.swift */ = {isa = PBXFileReference; lastKnownFileType = sourcecode.swift; path = SceneDelegate.swift; sourceTree = "<group>"; };
		2A0F1F2B2C915DF1001F144C /* ViewController.swift */ = {isa = PBXFileReference; lastKnownFileType = sourcecode.swift; path = ViewController.swift; sourceTree = "<group>"; };
		2A0F1F2E2C915DF1001F144C /* Base */ = {isa = PBXFileReference; lastKnownFileType = file.storyboard; name = Base; path = Base.lproj/Main.storyboard; sourceTree = "<group>"; };
		2A0F1F302C915DF3001F144C /* Assets.xcassets */ = {isa = PBXFileReference; lastKnownFileType = folder.assetcatalog; path = Assets.xcassets; sourceTree = "<group>"; };
		2A0F1F332C915DF3001F144C /* Base */ = {isa = PBXFileReference; lastKnownFileType = file.storyboard; name = Base; path = Base.lproj/LaunchScreen.storyboard; sourceTree = "<group>"; };
		2A0F1F352C915DF3001F144C /* Info.plist */ = {isa = PBXFileReference; lastKnownFileType = text.plist.xml; path = Info.plist; sourceTree = "<group>"; };
		2A0F1F3A2C915DF3001F144C /* for18Tests.xctest */ = {isa = PBXFileReference; explicitFileType = wrapper.cfbundle; includeInIndex = 0; path = for18Tests.xctest; sourceTree = BUILT_PRODUCTS_DIR; };
		2A0F1F3E2C915DF3001F144C /* for18Tests.swift */ = {isa = PBXFileReference; lastKnownFileType = sourcecode.swift; path = for18Tests.swift; sourceTree = "<group>"; };
		2A0F1F442C915DF3001F144C /* for18UITests.xctest */ = {isa = PBXFileReference; explicitFileType = wrapper.cfbundle; includeInIndex = 0; path = for18UITests.xctest; sourceTree = BUILT_PRODUCTS_DIR; };
		2A0F1F482C915DF3001F144C /* for18UITests.swift */ = {isa = PBXFileReference; lastKnownFileType = sourcecode.swift; path = for18UITests.swift; sourceTree = "<group>"; };
		2A0F1F4A2C915DF3001F144C /* for18UITestsLaunchTests.swift */ = {isa = PBXFileReference; lastKnownFileType = sourcecode.swift; path = for18UITestsLaunchTests.swift; sourceTree = "<group>"; };
/* End PBXFileReference section */

/* Begin PBXFrameworksBuildPhase section */
		2A0F1F212C915DF1001F144C /* Frameworks */ = {
			isa = PBXFrameworksBuildPhase;
			buildActionMask = 2147483647;
			files = (
			);
			runOnlyForDeploymentPostprocessing = 0;
		};
		2A0F1F372C915DF3001F144C /* Frameworks */ = {
			isa = PBXFrameworksBuildPhase;
			buildActionMask = 2147483647;
			files = (
			);
			runOnlyForDeploymentPostprocessing = 0;
		};
		2A0F1F412C915DF3001F144C /* Frameworks */ = {
			isa = PBXFrameworksBuildPhase;
			buildActionMask = 2147483647;
			files = (
			);
			runOnlyForDeploymentPostprocessing = 0;
		};
/* End PBXFrameworksBuildPhase section */

/* Begin PBXGroup section */
		2A0F1F1B2C915DF1001F144C = {
			isa = PBXGroup;
			children = (
				2A0F1F262C915DF1001F144C /* for18 */,
				2A0F1F3D2C915DF3001F144C /* for18Tests */,
				2A0F1F472C915DF3001F144C /* for18UITests */,
				2A0F1F252C915DF1001F144C /* Products */,
			);
			sourceTree = "<group>";
		};
		2A0F1F252C915DF1001F144C /* Products */ = {
			isa = PBXGroup;
			children = (
				2A0F1F242C915DF1001F144C /* for18.app */,
				2A0F1F3A2C915DF3001F144C /* for18Tests.xctest */,
				2A0F1F442C915DF3001F144C /* for18UITests.xctest */,
			);
			name = Products;
			sourceTree = "<group>";
		};
		2A0F1F262C915DF1001F144C /* for18 */ = {
			isa = PBXGroup;
			children = (
				2A0F1F272C915DF1001F144C /* AppDelegate.swift */,
				2A0F1F292C915DF1001F144C /* SceneDelegate.swift */,
				2A0F1F2B2C915DF1001F144C /* ViewController.swift */,
				2A0F1F2D2C915DF1001F144C /* Main.storyboard */,
				2A0F1F302C915DF3001F144C /* Assets.xcassets */,
				2A0F1F322C915DF3001F144C /* LaunchScreen.storyboard */,
				2A0F1F352C915DF3001F144C /* Info.plist */,
			);
			path = for18;
			sourceTree = "<group>";
		};
		2A0F1F3D2C915DF3001F144C /* for18Tests */ = {
			isa = PBXGroup;
			children = (
				2A0F1F3E2C915DF3001F144C /* for18Tests.swift */,
			);
			path = for18Tests;
			sourceTree = "<group>";
		};
		2A0F1F472C915DF3001F144C /* for18UITests */ = {
			isa = PBXGroup;
			children = (
				2A0F1F482C915DF3001F144C /* for18UITests.swift */,
				2A0F1F4A2C915DF3001F144C /* for18UITestsLaunchTests.swift */,
			);
			path = for18UITests;
			sourceTree = "<group>";
		};
/* End PBXGroup section */

/* Begin PBXNativeTarget section */
		2A0F1F232C915DF1001F144C /* for18 */ = {
			isa = PBXNativeTarget;
			buildConfigurationList = 2A0F1F4E2C915DF3001F144C /* Build configuration list for PBXNativeTarget "for18" */;
			buildPhases = (
				2A0F1F202C915DF1001F144C /* Sources */,
				2A0F1F212C915DF1001F144C /* Frameworks */,
				2A0F1F222C915DF1001F144C /* Resources */,
			);
			buildRules = (
			);
			dependencies = (
			);
			name = for18;
			productName = for18;
			productReference = 2A0F1F242C915DF1001F144C /* for18.app */;
			productType = "com.apple.product-type.application";
		};
		2A0F1F392C915DF3001F144C /* for18Tests */ = {
			isa = PBXNativeTarget;
			buildConfigurationList = 2A0F1F512C915DF3001F144C /* Build configuration list for PBXNativeTarget "for18Tests" */;
			buildPhases = (
				2A0F1F362C915DF3001F144C /* Sources */,
				2A0F1F372C915DF3001F144C /* Frameworks */,
				2A0F1F382C915DF3001F144C /* Resources */,
			);
			buildRules = (
			);
			dependencies = (
				2A0F1F3C2C915DF3001F144C /* PBXTargetDependency */,
			);
			name = for18Tests;
			productName = for18Tests;
			productReference = 2A0F1F3A2C915DF3001F144C /* for18Tests.xctest */;
			productType = "com.apple.product-type.bundle.unit-test";
		};
		2A0F1F432C915DF3001F144C /* for18UITests */ = {
			isa = PBXNativeTarget;
			buildConfigurationList = 2A0F1F542C915DF3001F144C /* Build configuration list for PBXNativeTarget "for18UITests" */;
			buildPhases = (
				2A0F1F402C915DF3001F144C /* Sources */,
				2A0F1F412C915DF3001F144C /* Frameworks */,
				2A0F1F422C915DF3001F144C /* Resources */,
			);
			buildRules = (
			);
			dependencies = (
				2A0F1F462C915DF3001F144C /* PBXTargetDependency */,
			);
			name = for18UITests;
			productName = for18UITests;
			productReference = 2A0F1F442C915DF3001F144C /* for18UITests.xctest */;
			productType = "com.apple.product-type.bundle.ui-testing";
		};
/* End PBXNativeTarget section */

/* Begin PBXProject section */
		2A0F1F1C2C915DF1001F144C /* Project object */ = {
			isa = PBXProject;
			attributes = {
				BuildIndependentTargetsInParallel = 1;
				LastSwiftUpdateCheck = 1540;
				LastUpgradeCheck = 1540;
				TargetAttributes = {
					2A0F1F232C915DF1001F144C = {
						CreatedOnToolsVersion = 15.4;
					};
					2A0F1F392C915DF3001F144C = {
						CreatedOnToolsVersion = 15.4;
						TestTargetID = 2A0F1F232C915DF1001F144C;
					};
					2A0F1F432C915DF3001F144C = {
						CreatedOnToolsVersion = 15.4;
						TestTargetID = 2A0F1F232C915DF1001F144C;
					};
				};
			};
			buildConfigurationList = 2A0F1F1F2C915DF1001F144C /* Build configuration list for PBXProject "for18" */;
			compatibilityVersion = "Xcode 14.0";
			developmentRegion = en;
			hasScannedForEncodings = 0;
			knownRegions = (
				en,
				Base,
			);
			mainGroup = 2A0F1F1B2C915DF1001F144C;
			productRefGroup = 2A0F1F252C915DF1001F144C /* Products */;
			projectDirPath = "";
			projectRoot = "";
			targets = (
				2A0F1F232C915DF1001F144C /* for18 */,
				2A0F1F392C915DF3001F144C /* for18Tests */,
				2A0F1F432C915DF3001F144C /* for18UITests */,
			);
		};
/* End PBXProject section */

/* Begin PBXResourcesBuildPhase section */
		2A0F1F222C915DF1001F144C /* Resources */ = {
			isa = PBXResourcesBuildPhase;
			buildActionMask = 2147483647;
			files = (
				2A0F1F312C915DF3001F144C /* Assets.xcassets in Resources */,
				2A0F1F342C915DF3001F144C /* Base in Resources */,
				2A0F1F2F2C915DF1001F144C /* Base in Resources */,
			);
			runOnlyForDeploymentPostprocessing = 0;
		};
		2A0F1F382C915DF3001F144C /* Resources */ = {
			isa = PBXResourcesBuildPhase;
			buildActionMask = 2147483647;
			files = (
			);
			runOnlyForDeploymentPostprocessing = 0;
		};
		2A0F1F422C915DF3001F144C /* Resources */ = {
			isa = PBXResourcesBuildPhase;
			buildActionMask = 2147483647;
			files = (
			);
			runOnlyForDeploymentPostprocessing = 0;
		};
/* End PBXResourcesBuildPhase section */

/* Begin PBXSourcesBuildPhase section */
		2A0F1F202C915DF1001F144C /* Sources */ = {
			isa = PBXSourcesBuildPhase;
			buildActionMask = 2147483647;
			files = (
				2A0F1F2C2C915DF1001F144C /* ViewController.swift in Sources */,
				2A0F1F282C915DF1001F144C /* AppDelegate.swift in Sources */,
				2A0F1F2A2C915DF1001F144C /* SceneDelegate.swift in Sources */,
			);
			runOnlyForDeploymentPostprocessing = 0;
		};
		2A0F1F362C915DF3001F144C /* Sources */ = {
			isa = PBXSourcesBuildPhase;
			buildActionMask = 2147483647;
			files = (
				2A0F1F3F2C915DF3001F144C /* for18Tests.swift in Sources */,
			);
			runOnlyForDeploymentPostprocessing = 0;
		};
		2A0F1F402C915DF3001F144C /* Sources */ = {
			isa = PBXSourcesBuildPhase;
			buildActionMask = 2147483647;
			files = (
				2A0F1F492C915DF3001F144C /* for18UITests.swift in Sources */,
				2A0F1F4B2C915DF3001F144C /* for18UITestsLaunchTests.swift in Sources */,
			);
			runOnlyForDeploymentPostprocessing = 0;
		};
/* End PBXSourcesBuildPhase section */

/* Begin PBXTargetDependency section */
		2A0F1F3C2C915DF3001F144C /* PBXTargetDependency */ = {
			isa = PBXTargetDependency;
			target = 2A0F1F232C915DF1001F144C /* for18 */;
			targetProxy = 2A0F1F3B2C915DF3001F144C /* PBXContainerItemProxy */;
		};
		2A0F1F462C915DF3001F144C /* PBXTargetDependency */ = {
			isa = PBXTargetDependency;
			target = 2A0F1F232C915DF1001F144C /* for18 */;
			targetProxy = 2A0F1F452C915DF3001F144C /* PBXContainerItemProxy */;
		};
/* End PBXTargetDependency section */

/* Begin PBXVariantGroup section */
		2A0F1F2D2C915DF1001F144C /* Main.storyboard */ = {
			isa = PBXVariantGroup;
			children = (
				2A0F1F2E2C915DF1001F144C /* Base */,
			);
			name = Main.storyboard;
			sourceTree = "<group>";
		};
		2A0F1F322C915DF3001F144C /* LaunchScreen.storyboard */ = {
			isa = PBXVariantGroup;
			children = (
				2A0F1F332C915DF3001F144C /* Base */,
			);
			name = LaunchScreen.storyboard;
			sourceTree = "<group>";
		};
/* End PBXVariantGroup section */

/* Begin XCBuildConfiguration section */
		2A0F1F4C2C915DF3001F144C /* Debug */ = {
			isa = XCBuildConfiguration;
			buildSettings = {
				ALWAYS_SEARCH_USER_PATHS = NO;
				ASSETCATALOG_COMPILER_GENERATE_SWIFT_ASSET_SYMBOL_EXTENSIONS = YES;
				CLANG_ANALYZER_NONNULL = YES;
				CLANG_ANALYZER_NUMBER_OBJECT_CONVERSION = YES_AGGRESSIVE;
				CLANG_CXX_LANGUAGE_STANDARD = "gnu++20";
				CLANG_ENABLE_MODULES = YES;
				CLANG_ENABLE_OBJC_ARC = YES;
				CLANG_ENABLE_OBJC_WEAK = YES;
				CLANG_WARN_BLOCK_CAPTURE_AUTORELEASING = YES;
				CLANG_WARN_BOOL_CONVERSION = YES;
				CLANG_WARN_COMMA = YES;
				CLANG_WARN_CONSTANT_CONVERSION = YES;
				CLANG_WARN_DEPRECATED_OBJC_IMPLEMENTATIONS = YES;
				CLANG_WARN_DIRECT_OBJC_ISA_USAGE = YES_ERROR;
				CLANG_WARN_DOCUMENTATION_COMMENTS = YES;
				CLANG_WARN_EMPTY_BODY = YES;
				CLANG_WARN_ENUM_CONVERSION = YES;
				CLANG_WARN_INFINITE_RECURSION = YES;
				CLANG_WARN_INT_CONVERSION = YES;
				CLANG_WARN_NON_LITERAL_NULL_CONVERSION = YES;
				CLANG_WARN_OBJC_IMPLICIT_RETAIN_SELF = YES;
				CLANG_WARN_OBJC_LITERAL_CONVERSION = YES;
				CLANG_WARN_OBJC_ROOT_CLASS = YES_ERROR;
				CLANG_WARN_QUOTED_INCLUDE_IN_FRAMEWORK_HEADER = YES;
				CLANG_WARN_RANGE_LOOP_ANALYSIS = YES;
				CLANG_WARN_STRICT_PROTOTYPES = YES;
				CLANG_WARN_SUSPICIOUS_MOVE = YES;
				CLANG_WARN_UNGUARDED_AVAILABILITY = YES_AGGRESSIVE;
				CLANG_WARN_UNREACHABLE_CODE = YES;
				CLANG_WARN__DUPLICATE_METHOD_MATCH = YES;
				COPY_PHASE_STRIP = NO;
				DEBUG_INFORMATION_FORMAT = dwarf;
				ENABLE_STRICT_OBJC_MSGSEND = YES;
				ENABLE_TESTABILITY = YES;
				ENABLE_USER_SCRIPT_SANDBOXING = YES;
				GCC_C_LANGUAGE_STANDARD = gnu17;
				GCC_DYNAMIC_NO_PIC = NO;
				GCC_NO_COMMON_BLOCKS = YES;
				GCC_OPTIMIZATION_LEVEL = 0;
				GCC_PREPROCESSOR_DEFINITIONS = (
					"DEBUG=1",
					"$(inherited)",
				);
				GCC_WARN_64_TO_32_BIT_CONVERSION = YES;
				GCC_WARN_ABOUT_RETURN_TYPE = YES_ERROR;
				GCC_WARN_UNDECLARED_SELECTOR = YES;
				GCC_WARN_UNINITIALIZED_AUTOS = YES_AGGRESSIVE;
				GCC_WARN_UNUSED_FUNCTION = YES;
				GCC_WARN_UNUSED_VARIABLE = YES;
				IPHONEOS_DEPLOYMENT_TARGET = 17.5;
				LOCALIZATION_PREFERS_STRING_CATALOGS = YES;
				MTL_ENABLE_DEBUG_INFO = INCLUDE_SOURCE;
				MTL_FAST_MATH = YES;
				ONLY_ACTIVE_ARCH = YES;
				SDKROOT = iphoneos;
				SWIFT_ACTIVE_COMPILATION_CONDITIONS = "DEBUG $(inherited)";
				SWIFT_OPTIMIZATION_LEVEL = "-Onone";
			};
			name = Debug;
		};
		2A0F1F4D2C915DF3001F144C /* Release */ = {
			isa = XCBuildConfiguration;
			buildSettings = {
				ALWAYS_SEARCH_USER_PATHS = NO;
				ASSETCATALOG_COMPILER_GENERATE_SWIFT_ASSET_SYMBOL_EXTENSIONS = YES;
				CLANG_ANALYZER_NONNULL = YES;
				CLANG_ANALYZER_NUMBER_OBJECT_CONVERSION = YES_AGGRESSIVE;
				CLANG_CXX_LANGUAGE_STANDARD = "gnu++20";
				CLANG_ENABLE_MODULES = YES;
				CLANG_ENABLE_OBJC_ARC = YES;
				CLANG_ENABLE_OBJC_WEAK = YES;
				CLANG_WARN_BLOCK_CAPTURE_AUTORELEASING = YES;
				CLANG_WARN_BOOL_CONVERSION = YES;
				CLANG_WARN_COMMA = YES;
				CLANG_WARN_CONSTANT_CONVERSION = YES;
				CLANG_WARN_DEPRECATED_OBJC_IMPLEMENTATIONS = YES;
				CLANG_WARN_DIRECT_OBJC_ISA_USAGE = YES_ERROR;
				CLANG_WARN_DOCUMENTATION_COMMENTS = YES;
				CLANG_WARN_EMPTY_BODY = YES;
				CLANG_WARN_ENUM_CONVERSION = YES;
				CLANG_WARN_INFINITE_RECURSION = YES;
				CLANG_WARN_INT_CONVERSION = YES;
				CLANG_WARN_NON_LITERAL_NULL_CONVERSION = YES;
				CLANG_WARN_OBJC_IMPLICIT_RETAIN_SELF = YES;
				CLANG_WARN_OBJC_LITERAL_CONVERSION = YES;
				CLANG_WARN_OBJC_ROOT_CLASS = YES_ERROR;
				CLANG_WARN_QUOTED_INCLUDE_IN_FRAMEWORK_HEADER = YES;
				CLANG_WARN_RANGE_LOOP_ANALYSIS = YES;
				CLANG_WARN_STRICT_PROTOTYPES = YES;
				CLANG_WARN_SUSPICIOUS_MOVE = YES;
				CLANG_WARN_UNGUARDED_AVAILABILITY = YES_AGGRESSIVE;
				CLANG_WARN_UNREACHABLE_CODE = YES;
				CLANG_WARN__DUPLICATE_METHOD_MATCH = YES;
				COPY_PHASE_STRIP = NO;
				DEBUG_INFORMATION_FORMAT = "dwarf-with-dsym";
				ENABLE_NS_ASSERTIONS = NO;
				ENABLE_STRICT_OBJC_MSGSEND = YES;
				ENABLE_USER_SCRIPT_SANDBOXING = YES;
				GCC_C_LANGUAGE_STANDARD = gnu17;
				GCC_NO_COMMON_BLOCKS = YES;
				GCC_WARN_64_TO_32_BIT_CONVERSION = YES;
				GCC_WARN_ABOUT_RETURN_TYPE = YES_ERROR;
				GCC_WARN_UNDECLARED_SELECTOR = YES;
				GCC_WARN_UNINITIALIZED_AUTOS = YES_AGGRESSIVE;
				GCC_WARN_UNUSED_FUNCTION = YES;
				GCC_WARN_UNUSED_VARIABLE = YES;
				IPHONEOS_DEPLOYMENT_TARGET = 17.5;
				LOCALIZATION_PREFERS_STRING_CATALOGS = YES;
				MTL_ENABLE_DEBUG_INFO = NO;
				MTL_FAST_MATH = YES;
				SDKROOT = iphoneos;
				SWIFT_COMPILATION_MODE = wholemodule;
				VALIDATE_PRODUCT = YES;
			};
			name = Release;
		};
		2A0F1F4F2C915DF3001F144C /* Debug */ = {
			isa = XCBuildConfiguration;
			buildSettings = {
				ASSETCATALOG_COMPILER_APPICON_NAME = AppIcon;
				ASSETCATALOG_COMPILER_GLOBAL_ACCENT_COLOR_NAME = AccentColor;
				CODE_SIGN_STYLE = Automatic;
				CURRENT_PROJECT_VERSION = 1;
				GENERATE_INFOPLIST_FILE = YES;
				INFOPLIST_FILE = for18/Info.plist;
				INFOPLIST_KEY_UIApplicationSupportsIndirectInputEvents = YES;
				INFOPLIST_KEY_UILaunchStoryboardName = LaunchScreen;
				INFOPLIST_KEY_UIMainStoryboardFile = Main;
				INFOPLIST_KEY_UISupportedInterfaceOrientations_iPad = "UIInterfaceOrientationPortrait UIInterfaceOrientationPortraitUpsideDown UIInterfaceOrientationLandscapeLeft UIInterfaceOrientationLandscapeRight";
				INFOPLIST_KEY_UISupportedInterfaceOrientations_iPhone = "UIInterfaceOrientationPortrait UIInterfaceOrientationLandscapeLeft UIInterfaceOrientationLandscapeRight";
				LD_RUNPATH_SEARCH_PATHS = (
					"$(inherited)",
					"@executable_path/Frameworks",
				);
				MARKETING_VERSION = 1.0;
				PRODUCT_BUNDLE_IDENTIFIER = example.for18;
				PRODUCT_NAME = "$(TARGET_NAME)";
				SWIFT_EMIT_LOC_STRINGS = YES;
				SWIFT_VERSION = 5.0;
				TARGETED_DEVICE_FAMILY = "1,2";
			};
			name = Debug;
		};
		2A0F1F502C915DF3001F144C /* Release */ = {
			isa = XCBuildConfiguration;
			buildSettings = {
				ASSETCATALOG_COMPILER_APPICON_NAME = AppIcon;
				ASSETCATALOG_COMPILER_GLOBAL_ACCENT_COLOR_NAME = AccentColor;
				CODE_SIGN_STYLE = Automatic;
				CURRENT_PROJECT_VERSION = 1;
				GENERATE_INFOPLIST_FILE = YES;
				INFOPLIST_FILE = for18/Info.plist;
				INFOPLIST_KEY_UIApplicationSupportsIndirectInputEvents = YES;
				INFOPLIST_KEY_UILaunchStoryboardName = LaunchScreen;
				INFOPLIST_KEY_UIMainStoryboardFile = Main;
				INFOPLIST_KEY_UISupportedInterfaceOrientations_iPad = "UIInterfaceOrientationPortrait UIInterfaceOrientationPortraitUpsideDown UIInterfaceOrientationLandscapeLeft UIInterfaceOrientationLandscapeRight";
				INFOPLIST_KEY_UISupportedInterfaceOrientations_iPhone = "UIInterfaceOrientationPortrait UIInterfaceOrientationLandscapeLeft UIInterfaceOrientationLandscapeRight";
				LD_RUNPATH_SEARCH_PATHS = (
					"$(inherited)",
					"@executable_path/Frameworks",
				);
				MARKETING_VERSION = 1.0;
				PRODUCT_BUNDLE_IDENTIFIER = example.for18;
				PRODUCT_NAME = "$(TARGET_NAME)";
				SWIFT_EMIT_LOC_STRINGS = YES;
				SWIFT_VERSION = 5.0;
				TARGETED_DEVICE_FAMILY = "1,2";
			};
			name = Release;
		};
		2A0F1F522C915DF3001F144C /* Debug */ = {
			isa = XCBuildConfiguration;
			buildSettings = {
				ALWAYS_EMBED_SWIFT_STANDARD_LIBRARIES = YES;
				BUNDLE_LOADER = "$(TEST_HOST)";
				CODE_SIGN_STYLE = Automatic;
				CURRENT_PROJECT_VERSION = 1;
				GENERATE_INFOPLIST_FILE = YES;
				IPHONEOS_DEPLOYMENT_TARGET = 17.5;
				MARKETING_VERSION = 1.0;
				PRODUCT_BUNDLE_IDENTIFIER = example.for18Tests;
				PRODUCT_NAME = "$(TARGET_NAME)";
				SWIFT_EMIT_LOC_STRINGS = NO;
				SWIFT_VERSION = 5.0;
				TARGETED_DEVICE_FAMILY = "1,2";
				TEST_HOST = "$(BUILT_PRODUCTS_DIR)/for18.app/$(BUNDLE_EXECUTABLE_FOLDER_PATH)/for18";
			};
			name = Debug;
		};
		2A0F1F532C915DF3001F144C /* Release */ = {
			isa = XCBuildConfiguration;
			buildSettings = {
				ALWAYS_EMBED_SWIFT_STANDARD_LIBRARIES = YES;
				BUNDLE_LOADER = "$(TEST_HOST)";
				CODE_SIGN_STYLE = Automatic;
				CURRENT_PROJECT_VERSION = 1;
				GENERATE_INFOPLIST_FILE = YES;
				IPHONEOS_DEPLOYMENT_TARGET = 17.5;
				MARKETING_VERSION = 1.0;
				PRODUCT_BUNDLE_IDENTIFIER = example.for18Tests;
				PRODUCT_NAME = "$(TARGET_NAME)";
				SWIFT_EMIT_LOC_STRINGS = NO;
				SWIFT_VERSION = 5.0;
				TARGETED_DEVICE_FAMILY = "1,2";
				TEST_HOST = "$(BUILT_PRODUCTS_DIR)/for18.app/$(BUNDLE_EXECUTABLE_FOLDER_PATH)/for18";
			};
			name = Release;
		};
		2A0F1F552C915DF3001F144C /* Debug */ = {
			isa = XCBuildConfiguration;
			buildSettings = {
				ALWAYS_EMBED_SWIFT_STANDARD_LIBRARIES = YES;
				CODE_SIGN_STYLE = Automatic;
				CURRENT_PROJECT_VERSION = 1;
				GENERATE_INFOPLIST_FILE = YES;
				MARKETING_VERSION = 1.0;
				PRODUCT_BUNDLE_IDENTIFIER = example.for18UITests;
				PRODUCT_NAME = "$(TARGET_NAME)";
				SWIFT_EMIT_LOC_STRINGS = NO;
				SWIFT_VERSION = 5.0;
				TARGETED_DEVICE_FAMILY = "1,2";
				TEST_TARGET_NAME = for18;
			};
			name = Debug;
		};
		2A0F1F562C915DF3001F144C /* Release */ = {
			isa = XCBuildConfiguration;
			buildSettings = {
				ALWAYS_EMBED_SWIFT_STANDARD_LIBRARIES = YES;
				CODE_SIGN_STYLE = Automatic;
				CURRENT_PROJECT_VERSION = 1;
				GENERATE_INFOPLIST_FILE = YES;
				MARKETING_VERSION = 1.0;
				PRODUCT_BUNDLE_IDENTIFIER = example.for18UITests;
				PRODUCT_NAME = "$(TARGET_NAME)";
				SWIFT_EMIT_LOC_STRINGS = NO;
				SWIFT_VERSION = 5.0;
				TARGETED_DEVICE_FAMILY = "1,2";
				TEST_TARGET_NAME = for18;
			};
			name = Release;
		};
/* End XCBuildConfiguration section */

/* Begin XCConfigurationList section */
		2A0F1F1F2C915DF1001F144C /* Build configuration list for PBXProject "for18" */ = {
			isa = XCConfigurationList;
			buildConfigurations = (
				2A0F1F4C2C915DF3001F144C /* Debug */,
				2A0F1F4D2C915DF3001F144C /* Release */,
			);
			defaultConfigurationIsVisible = 0;
			defaultConfigurationName = Release;
		};
		2A0F1F4E2C915DF3001F144C /* Build configuration list for PBXNativeTarget "for18" */ = {
			isa = XCConfigurationList;
			buildConfigurations = (
				2A0F1F4F2C915DF3001F144C /* Debug */,
				2A0F1F502C915DF3001F144C /* Release */,
			);
			defaultConfigurationIsVisible = 0;
			defaultConfigurationName = Release;
		};
		2A0F1F512C915DF3001F144C /* Build configuration list for PBXNativeTarget "for18Tests" */ = {
			isa = XCConfigurationList;
			buildConfigurations = (
				2A0F1F522C915DF3001F144C /* Debug */,
				2A0F1F532C915DF3001F144C /* Release */,
			);
			defaultConfigurationIsVisible = 0;
			defaultConfigurationName = Release;
		};
		2A0F1F542C915DF3001F144C /* Build configuration list for PBXNativeTarget "for18UITests" */ = {
			isa = XCConfigurationList;
			buildConfigurations = (
				2A0F1F552C915DF3001F144C /* Debug */,
				2A0F1F562C915DF3001F144C /* Release */,
			);
			defaultConfigurationIsVisible = 0;
			defaultConfigurationName = Release;
		};
/* End XCConfigurationList section */
	};
	rootObject = 2A0F1F1C2C915DF1001F144C /* Project object */;
}
